// !$*UTF8*$!
{
	archiveVersion = 1;
	classes = {
	};
	objectVersion = 46;
	objects = {

/* Begin PBXBuildFile section */
		3833DD6F1B6CC90C00DD811E /* KeyBoardButton.swift in Sources */ = {isa = PBXBuildFile; fileRef = 3833DD6E1B6CC90C00DD811E /* KeyBoardButton.swift */; };
		3833DD711B6CC96300DD811E /* ShapeItem.swift in Sources */ = {isa = PBXBuildFile; fileRef = 3833DD701B6CC96300DD811E /* ShapeItem.swift */; };
		3833DD731B6CC97600DD811E /* ColorItem.swift in Sources */ = {isa = PBXBuildFile; fileRef = 3833DD721B6CC97600DD811E /* ColorItem.swift */; };
		3840F84F1B64B83D0099A1AE /* AppDelegate.swift in Sources */ = {isa = PBXBuildFile; fileRef = 3840F84E1B64B83D0099A1AE /* AppDelegate.swift */; };
		3840F8521B64B83D0099A1AE /* KeyBoard.xcdatamodeld in Sources */ = {isa = PBXBuildFile; fileRef = 3840F8501B64B83D0099A1AE /* KeyBoard.xcdatamodeld */; };
		3840F8541B64B83D0099A1AE /* ViewController.swift in Sources */ = {isa = PBXBuildFile; fileRef = 3840F8531B64B83D0099A1AE /* ViewController.swift */; };
		3840F8571B64B83D0099A1AE /* Main.storyboard in Resources */ = {isa = PBXBuildFile; fileRef = 3840F8551B64B83D0099A1AE /* Main.storyboard */; };
		3840F85C1B64B83D0099A1AE /* LaunchScreen.xib in Resources */ = {isa = PBXBuildFile; fileRef = 3840F85A1B64B83D0099A1AE /* LaunchScreen.xib */; };
		3840F8681B64B83D0099A1AE /* KeyBoardTests.swift in Sources */ = {isa = PBXBuildFile; fileRef = 3840F8671B64B83D0099A1AE /* KeyBoardTests.swift */; };
		3840F8741B64E3360099A1AE /* HomePage.swift in Sources */ = {isa = PBXBuildFile; fileRef = 3840F8731B64E3360099A1AE /* HomePage.swift */; };
		3840F87C1B6509DA0099A1AE /* Property List.plist in Resources */ = {isa = PBXBuildFile; fileRef = 3840F87B1B6509DA0099A1AE /* Property List.plist */; };
		38BA46011B668AFA007FB00E /* Images.xcassets in Resources */ = {isa = PBXBuildFile; fileRef = 38BA46001B668AFA007FB00E /* Images.xcassets */; };
		38BA46031B669707007FB00E /* UIViewControllerPlay.swift in Sources */ = {isa = PBXBuildFile; fileRef = 38BA46021B669707007FB00E /* UIViewControllerPlay.swift */; };
/* End PBXBuildFile section */

/* Begin PBXContainerItemProxy section */
		3840F8621B64B83D0099A1AE /* PBXContainerItemProxy */ = {
			isa = PBXContainerItemProxy;
			containerPortal = 3840F8411B64B83D0099A1AE /* Project object */;
			proxyType = 1;
			remoteGlobalIDString = 3840F8481B64B83D0099A1AE;
			remoteInfo = KeyBoard;
		};
/* End PBXContainerItemProxy section */

/* Begin PBXFileReference section */
		3833DD6E1B6CC90C00DD811E /* KeyBoardButton.swift */ = {isa = PBXFileReference; fileEncoding = 4; lastKnownFileType = sourcecode.swift; path = KeyBoardButton.swift; sourceTree = "<group>"; };
		3833DD701B6CC96300DD811E /* ShapeItem.swift */ = {isa = PBXFileReference; fileEncoding = 4; lastKnownFileType = sourcecode.swift; path = ShapeItem.swift; sourceTree = "<group>"; };
		3833DD721B6CC97600DD811E /* ColorItem.swift */ = {isa = PBXFileReference; fileEncoding = 4; lastKnownFileType = sourcecode.swift; path = ColorItem.swift; sourceTree = "<group>"; };
		3840F8491B64B83D0099A1AE /* KeyBoard.app */ = {isa = PBXFileReference; explicitFileType = wrapper.application; includeInIndex = 0; path = KeyBoard.app; sourceTree = BUILT_PRODUCTS_DIR; };
		3840F84D1B64B83D0099A1AE /* Info.plist */ = {isa = PBXFileReference; lastKnownFileType = text.plist.xml; path = Info.plist; sourceTree = "<group>"; };
		3840F84E1B64B83D0099A1AE /* AppDelegate.swift */ = {isa = PBXFileReference; lastKnownFileType = sourcecode.swift; path = AppDelegate.swift; sourceTree = "<group>"; };
		3840F8511B64B83D0099A1AE /* KeyBoard.xcdatamodel */ = {isa = PBXFileReference; lastKnownFileType = wrapper.xcdatamodel; path = KeyBoard.xcdatamodel; sourceTree = "<group>"; };
		3840F8531B64B83D0099A1AE /* ViewController.swift */ = {isa = PBXFileReference; lastKnownFileType = sourcecode.swift; path = ViewController.swift; sourceTree = "<group>"; };
		3840F8561B64B83D0099A1AE /* Base */ = {isa = PBXFileReference; lastKnownFileType = file.storyboard; name = Base; path = Base.lproj/Main.storyboard; sourceTree = "<group>"; };
		3840F85B1B64B83D0099A1AE /* Base */ = {isa = PBXFileReference; lastKnownFileType = file.xib; name = Base; path = Base.lproj/LaunchScreen.xib; sourceTree = "<group>"; };
		3840F8611B64B83D0099A1AE /* KeyBoardTests.xctest */ = {isa = PBXFileReference; explicitFileType = wrapper.cfbundle; includeInIndex = 0; path = KeyBoardTests.xctest; sourceTree = BUILT_PRODUCTS_DIR; };
		3840F8661B64B83D0099A1AE /* Info.plist */ = {isa = PBXFileReference; lastKnownFileType = text.plist.xml; path = Info.plist; sourceTree = "<group>"; };
		3840F8671B64B83D0099A1AE /* KeyBoardTests.swift */ = {isa = PBXFileReference; lastKnownFileType = sourcecode.swift; path = KeyBoardTests.swift; sourceTree = "<group>"; };
		3840F8731B64E3360099A1AE /* HomePage.swift */ = {isa = PBXFileReference; fileEncoding = 4; lastKnownFileType = sourcecode.swift; path = HomePage.swift; sourceTree = "<group>"; };
		3840F87B1B6509DA0099A1AE /* Property List.plist */ = {isa = PBXFileReference; fileEncoding = 4; lastKnownFileType = text.plist.xml; path = "Property List.plist"; sourceTree = "<group>"; };
		38BA46001B668AFA007FB00E /* Images.xcassets */ = {isa = PBXFileReference; lastKnownFileType = folder.assetcatalog; path = Images.xcassets; sourceTree = "<group>"; };
		38BA46021B669707007FB00E /* UIViewControllerPlay.swift */ = {isa = PBXFileReference; fileEncoding = 4; lastKnownFileType = sourcecode.swift; path = UIViewControllerPlay.swift; sourceTree = "<group>"; };
/* End PBXFileReference section */

/* Begin PBXFrameworksBuildPhase section */
		3840F8461B64B83D0099A1AE /* Frameworks */ = {
			isa = PBXFrameworksBuildPhase;
			buildActionMask = 2147483647;
			files = (
			);
			runOnlyForDeploymentPostprocessing = 0;
		};
		3840F85E1B64B83D0099A1AE /* Frameworks */ = {
			isa = PBXFrameworksBuildPhase;
			buildActionMask = 2147483647;
			files = (
			);
			runOnlyForDeploymentPostprocessing = 0;
		};
/* End PBXFrameworksBuildPhase section */

/* Begin PBXGroup section */
		3840F8401B64B83D0099A1AE = {
			isa = PBXGroup;
			children = (
				3840F84B1B64B83D0099A1AE /* KeyBoard */,
				3840F8641B64B83D0099A1AE /* KeyBoardTests */,
				3840F84A1B64B83D0099A1AE /* Products */,
			);
			sourceTree = "<group>";
		};
		3840F84A1B64B83D0099A1AE /* Products */ = {
			isa = PBXGroup;
			children = (
				3840F8491B64B83D0099A1AE /* KeyBoard.app */,
				3840F8611B64B83D0099A1AE /* KeyBoardTests.xctest */,
			);
			name = Products;
			sourceTree = "<group>";
		};
		3840F84B1B64B83D0099A1AE /* KeyBoard */ = {
			isa = PBXGroup;
			children = (
				38BA46001B668AFA007FB00E /* Images.xcassets */,
				3840F87B1B6509DA0099A1AE /* Property List.plist */,
				3840F84E1B64B83D0099A1AE /* AppDelegate.swift */,
				3840F8551B64B83D0099A1AE /* Main.storyboard */,
				3840F85A1B64B83D0099A1AE /* LaunchScreen.xib */,
				3840F8501B64B83D0099A1AE /* KeyBoard.xcdatamodeld */,
				3840F84C1B64B83D0099A1AE /* Supporting Files */,
				3840F8531B64B83D0099A1AE /* ViewController.swift */,
				3840F8731B64E3360099A1AE /* HomePage.swift */,
				38BA46021B669707007FB00E /* UIViewControllerPlay.swift */,
				3833DD6E1B6CC90C00DD811E /* KeyBoardButton.swift */,
				3833DD701B6CC96300DD811E /* ShapeItem.swift */,
				3833DD721B6CC97600DD811E /* ColorItem.swift */,
			);
			path = KeyBoard;
			sourceTree = "<group>";
		};
		3840F84C1B64B83D0099A1AE /* Supporting Files */ = {
			isa = PBXGroup;
			children = (
				3840F84D1B64B83D0099A1AE /* Info.plist */,
			);
			name = "Supporting Files";
			sourceTree = "<group>";
		};
		3840F8641B64B83D0099A1AE /* KeyBoardTests */ = {
			isa = PBXGroup;
			children = (
				3840F8671B64B83D0099A1AE /* KeyBoardTests.swift */,
				3840F8651B64B83D0099A1AE /* Supporting Files */,
			);
			path = KeyBoardTests;
			sourceTree = "<group>";
		};
		3840F8651B64B83D0099A1AE /* Supporting Files */ = {
			isa = PBXGroup;
			children = (
				3840F8661B64B83D0099A1AE /* Info.plist */,
			);
			name = "Supporting Files";
			sourceTree = "<group>";
		};
/* End PBXGroup section */

/* Begin PBXNativeTarget section */
		3840F8481B64B83D0099A1AE /* KeyBoard */ = {
			isa = PBXNativeTarget;
			buildConfigurationList = 3840F86B1B64B83D0099A1AE /* Build configuration list for PBXNativeTarget "KeyBoard" */;
			buildPhases = (
				3840F8451B64B83D0099A1AE /* Sources */,
				3840F8461B64B83D0099A1AE /* Frameworks */,
				3840F8471B64B83D0099A1AE /* Resources */,
			);
			buildRules = (
			);
			dependencies = (
			);
			name = KeyBoard;
			productName = KeyBoard;
			productReference = 3840F8491B64B83D0099A1AE /* KeyBoard.app */;
			productType = "com.apple.product-type.application";
		};
		3840F8601B64B83D0099A1AE /* KeyBoardTests */ = {
			isa = PBXNativeTarget;
			buildConfigurationList = 3840F86E1B64B83D0099A1AE /* Build configuration list for PBXNativeTarget "KeyBoardTests" */;
			buildPhases = (
				3840F85D1B64B83D0099A1AE /* Sources */,
				3840F85E1B64B83D0099A1AE /* Frameworks */,
				3840F85F1B64B83D0099A1AE /* Resources */,
			);
			buildRules = (
			);
			dependencies = (
				3840F8631B64B83D0099A1AE /* PBXTargetDependency */,
			);
			name = KeyBoardTests;
			productName = KeyBoardTests;
			productReference = 3840F8611B64B83D0099A1AE /* KeyBoardTests.xctest */;
			productType = "com.apple.product-type.bundle.unit-test";
		};
/* End PBXNativeTarget section */

/* Begin PBXProject section */
		3840F8411B64B83D0099A1AE /* Project object */ = {
			isa = PBXProject;
			attributes = {
				LastUpgradeCheck = 0640;
				ORGANIZATIONNAME = "罗玄";
				TargetAttributes = {
					3840F8481B64B83D0099A1AE = {
						CreatedOnToolsVersion = 6.4;
					};
					3840F8601B64B83D0099A1AE = {
						CreatedOnToolsVersion = 6.4;
						TestTargetID = 3840F8481B64B83D0099A1AE;
					};
				};
			};
			buildConfigurationList = 3840F8441B64B83D0099A1AE /* Build configuration list for PBXProject "KeyBoard" */;
			compatibilityVersion = "Xcode 3.2";
			developmentRegion = English;
			hasScannedForEncodings = 0;
			knownRegions = (
				en,
				Base,
			);
			mainGroup = 3840F8401B64B83D0099A1AE;
			productRefGroup = 3840F84A1B64B83D0099A1AE /* Products */;
			projectDirPath = "";
			projectRoot = "";
			targets = (
				3840F8481B64B83D0099A1AE /* KeyBoard */,
				3840F8601B64B83D0099A1AE /* KeyBoardTests */,
			);
		};
/* End PBXProject section */

/* Begin PBXResourcesBuildPhase section */
		3840F8471B64B83D0099A1AE /* Resources */ = {
			isa = PBXResourcesBuildPhase;
			buildActionMask = 2147483647;
			files = (
				3840F8571B64B83D0099A1AE /* Main.storyboard in Resources */,
				38BA46011B668AFA007FB00E /* Images.xcassets in Resources */,
				3840F85C1B64B83D0099A1AE /* LaunchScreen.xib in Resources */,
				3840F87C1B6509DA0099A1AE /* Property List.plist in Resources */,
			);
			runOnlyForDeploymentPostprocessing = 0;
		};
		3840F85F1B64B83D0099A1AE /* Resources */ = {
			isa = PBXResourcesBuildPhase;
			buildActionMask = 2147483647;
			files = (
			);
			runOnlyForDeploymentPostprocessing = 0;
		};
/* End PBXResourcesBuildPhase section */

/* Begin PBXSourcesBuildPhase section */
		3840F8451B64B83D0099A1AE /* Sources */ = {
			isa = PBXSourcesBuildPhase;
			buildActionMask = 2147483647;
			files = (
				3833DD731B6CC97600DD811E /* ColorItem.swift in Sources */,
				3840F8541B64B83D0099A1AE /* ViewController.swift in Sources */,
				3840F8521B64B83D0099A1AE /* KeyBoard.xcdatamodeld in Sources */,
				3833DD6F1B6CC90C00DD811E /* KeyBoardButton.swift in Sources */,
				3840F84F1B64B83D0099A1AE /* AppDelegate.swift in Sources */,
				3833DD711B6CC96300DD811E /* ShapeItem.swift in Sources */,
				38BA46031B669707007FB00E /* UIViewControllerPlay.swift in Sources */,
				3840F8741B64E3360099A1AE /* HomePage.swift in Sources */,
			);
			runOnlyForDeploymentPostprocessing = 0;
		};
		3840F85D1B64B83D0099A1AE /* Sources */ = {
			isa = PBXSourcesBuildPhase;
			buildActionMask = 2147483647;
			files = (
				3840F8681B64B83D0099A1AE /* KeyBoardTests.swift in Sources */,
			);
			runOnlyForDeploymentPostprocessing = 0;
		};
/* End PBXSourcesBuildPhase section */

/* Begin PBXTargetDependency section */
		3840F8631B64B83D0099A1AE /* PBXTargetDependency */ = {
			isa = PBXTargetDependency;
			target = 3840F8481B64B83D0099A1AE /* KeyBoard */;
			targetProxy = 3840F8621B64B83D0099A1AE /* PBXContainerItemProxy */;
		};
/* End PBXTargetDependency section */

/* Begin PBXVariantGroup section */
		3840F8551B64B83D0099A1AE /* Main.storyboard */ = {
			isa = PBXVariantGroup;
			children = (
				3840F8561B64B83D0099A1AE /* Base */,
			);
			name = Main.storyboard;
			sourceTree = "<group>";
		};
		3840F85A1B64B83D0099A1AE /* LaunchScreen.xib */ = {
			isa = PBXVariantGroup;
			children = (
				3840F85B1B64B83D0099A1AE /* Base */,
			);
			name = LaunchScreen.xib;
			sourceTree = "<group>";
		};
/* End PBXVariantGroup section */

/* Begin XCBuildConfiguration section */
		3840F8691B64B83D0099A1AE /* Debug */ = {
			isa = XCBuildConfiguration;
			buildSettings = {
				ALWAYS_SEARCH_USER_PATHS = NO;
				CLANG_CXX_LANGUAGE_STANDARD = "gnu++0x";
				CLANG_CXX_LIBRARY = "libc++";
				CLANG_ENABLE_MODULES = YES;
				CLANG_ENABLE_OBJC_ARC = YES;
				CLANG_WARN_BOOL_CONVERSION = YES;
				CLANG_WARN_CONSTANT_CONVERSION = YES;
				CLANG_WARN_DIRECT_OBJC_ISA_USAGE = YES_ERROR;
				CLANG_WARN_EMPTY_BODY = YES;
				CLANG_WARN_ENUM_CONVERSION = YES;
				CLANG_WARN_INT_CONVERSION = YES;
				CLANG_WARN_OBJC_ROOT_CLASS = YES_ERROR;
				CLANG_WARN_UNREACHABLE_CODE = YES;
				CLANG_WARN__DUPLICATE_METHOD_MATCH = YES;
				"CODE_SIGN_IDENTITY[sdk=iphoneos*]" = "iPhone Developer";
				COPY_PHASE_STRIP = NO;
				DEBUG_INFORMATION_FORMAT = "dwarf-with-dsym";
				ENABLE_STRICT_OBJC_MSGSEND = YES;
				GCC_C_LANGUAGE_STANDARD = gnu99;
				GCC_DYNAMIC_NO_PIC = NO;
				GCC_NO_COMMON_BLOCKS = YES;
				GCC_OPTIMIZATION_LEVEL = 0;
				GCC_PREPROCESSOR_DEFINITIONS = (
					"DEBUG=1",
					"$(inherited)",
				);
				GCC_SYMBOLS_PRIVATE_EXTERN = NO;
				GCC_WARN_64_TO_32_BIT_CONVERSION = YES;
				GCC_WARN_ABOUT_RETURN_TYPE = YES_ERROR;
				GCC_WARN_UNDECLARED_SELECTOR = YES;
				GCC_WARN_UNINITIALIZED_AUTOS = YES_AGGRESSIVE;
				GCC_WARN_UNUSED_FUNCTION = YES;
				GCC_WARN_UNUSED_VARIABLE = YES;
				IPHONEOS_DEPLOYMENT_TARGET = 8.4;
				MTL_ENABLE_DEBUG_INFO = YES;
				ONLY_ACTIVE_ARCH = YES;
				SDKROOT = iphoneos;
				SWIFT_OPTIMIZATION_LEVEL = "-Onone";
				TARGETED_DEVICE_FAMILY = "1,2";
			};
			name = Debug;
		};
		3840F86A1B64B83D0099A1AE /* Release */ = {
			isa = XCBuildConfiguration;
			buildSettings = {
				ALWAYS_SEARCH_USER_PATHS = NO;
				CLANG_CXX_LANGUAGE_STANDARD = "gnu++0x";
				CLANG_CXX_LIBRARY = "libc++";
				CLANG_ENABLE_MODULES = YES;
				CLANG_ENABLE_OBJC_ARC = YES;
				CLANG_WARN_BOOL_CONVERSION = YES;
				CLANG_WARN_CONSTANT_CONVERSION = YES;
				CLANG_WARN_DIRECT_OBJC_ISA_USAGE = YES_ERROR;
				CLANG_WARN_EMPTY_BODY = YES;
				CLANG_WARN_ENUM_CONVERSION = YES;
				CLANG_WARN_INT_CONVERSION = YES;
				CLANG_WARN_OBJC_ROOT_CLASS = YES_ERROR;
				CLANG_WARN_UNREACHABLE_CODE = YES;
				CLANG_WARN__DUPLICATE_METHOD_MATCH = YES;
				"CODE_SIGN_IDENTITY[sdk=iphoneos*]" = "iPhone Developer";
				COPY_PHASE_STRIP = NO;
				DEBUG_INFORMATION_FORMAT = "dwarf-with-dsym";
				ENABLE_NS_ASSERTIONS = NO;
				ENABLE_STRICT_OBJC_MSGSEND = YES;
				GCC_C_LANGUAGE_STANDARD = gnu99;
				GCC_NO_COMMON_BLOCKS = YES;
				GCC_WARN_64_TO_32_BIT_CONVERSION = YES;
				GCC_WARN_ABOUT_RETURN_TYPE = YES_ERROR;
				GCC_WARN_UNDECLARED_SELECTOR = YES;
				GCC_WARN_UNINITIALIZED_AUTOS = YES_AGGRESSIVE;
				GCC_WARN_UNUSED_FUNCTION = YES;
				GCC_WARN_UNUSED_VARIABLE = YES;
				IPHONEOS_DEPLOYMENT_TARGET = 8.4;
				MTL_ENABLE_DEBUG_INFO = NO;
				SDKROOT = iphoneos;
				TARGETED_DEVICE_FAMILY = "1,2";
				VALIDATE_PRODUCT = YES;
			};
			name = Release;
		};
		3840F86C1B64B83D0099A1AE /* Debug */ = {
			isa = XCBuildConfiguration;
			buildSettings = {
				ASSETCATALOG_COMPILER_APPICON_NAME = AppIcon;
				INFOPLIST_FILE = KeyBoard/Info.plist;
				LD_RUNPATH_SEARCH_PATHS = "$(inherited) @executable_path/Frameworks";
				PRODUCT_NAME = "$(TARGET_NAME)";
			};
			name = Debug;
		};
		3840F86D1B64B83D0099A1AE /* Release */ = {
			isa = XCBuildConfiguration;
			buildSettings = {
				ASSETCATALOG_COMPILER_APPICON_NAME = AppIcon;
				INFOPLIST_FILE = KeyBoard/Info.plist;
				LD_RUNPATH_SEARCH_PATHS = "$(inherited) @executable_path/Frameworks";
				PRODUCT_NAME = "$(TARGET_NAME)";
			};
			name = Release;
		};
		3840F86F1B64B83D0099A1AE /* Debug */ = {
			isa = XCBuildConfiguration;
			buildSettings = {
				BUNDLE_LOADER = "$(TEST_HOST)";
				FRAMEWORK_SEARCH_PATHS = (
					"$(SDKROOT)/Developer/Library/Frameworks",
					"$(inherited)",
				);
				GCC_PREPROCESSOR_DEFINITIONS = (
					"DEBUG=1",
					"$(inherited)",
				);
				INFOPLIST_FILE = KeyBoardTests/Info.plist;
				LD_RUNPATH_SEARCH_PATHS = "$(inherited) @executable_path/Frameworks @loader_path/Frameworks";
				PRODUCT_NAME = "$(TARGET_NAME)";
				TEST_HOST = "$(BUILT_PRODUCTS_DIR)/KeyBoard.app/KeyBoard";
			};
			name = Debug;
		};
		3840F8701B64B83D0099A1AE /* Release */ = {
			isa = XCBuildConfiguration;
			buildSettings = {
				BUNDLE_LOADER = "$(TEST_HOST)";
				FRAMEWORK_SEARCH_PATHS = (
					"$(SDKROOT)/Developer/Library/Frameworks",
					"$(inherited)",
				);
				INFOPLIST_FILE = KeyBoardTests/Info.plist;
				LD_RUNPATH_SEARCH_PATHS = "$(inherited) @executable_path/Frameworks @loader_path/Frameworks";
				PRODUCT_NAME = "$(TARGET_NAME)";
				TEST_HOST = "$(BUILT_PRODUCTS_DIR)/KeyBoard.app/KeyBoard";
			};
			name = Release;
		};
/* End XCBuildConfiguration section */

/* Begin XCConfigurationList section */
		3840F8441B64B83D0099A1AE /* Build configuration list for PBXProject "KeyBoard" */ = {
			isa = XCConfigurationList;
			buildConfigurations = (
				3840F8691B64B83D0099A1AE /* Debug */,
				3840F86A1B64B83D0099A1AE /* Release */,
			);
			defaultConfigurationIsVisible = 0;
			defaultConfigurationName = Release;
		};
		3840F86B1B64B83D0099A1AE /* Build configuration list for PBXNativeTarget "KeyBoard" */ = {
			isa = XCConfigurationList;
			buildConfigurations = (
				3840F86C1B64B83D0099A1AE /* Debug */,
				3840F86D1B64B83D0099A1AE /* Release */,
			);
			defaultConfigurationIsVisible = 0;
			defaultConfigurationName = Release;
		};
		3840F86E1B64B83D0099A1AE /* Build configuration list for PBXNativeTarget "KeyBoardTests" */ = {
			isa = XCConfigurationList;
			buildConfigurations = (
				3840F86F1B64B83D0099A1AE /* Debug */,
				3840F8701B64B83D0099A1AE /* Release */,
			);
			defaultConfigurationIsVisible = 0;
			defaultConfigurationName = Release;
		};
/* End XCConfigurationList section */

/* Begin XCVersionGroup section */
		3840F8501B64B83D0099A1AE /* KeyBoard.xcdatamodeld */ = {
			isa = XCVersionGroup;
			children = (
				3840F8511B64B83D0099A1AE /* KeyBoard.xcdatamodel */,
			);
			currentVersion = 3840F8511B64B83D0099A1AE /* KeyBoard.xcdatamodel */;
			path = KeyBoard.xcdatamodeld;
			sourceTree = "<group>";
			versionGroupType = wrapper.xcdatamodel;
		};
/* End XCVersionGroup section */
	};
	rootObject = 3840F8411B64B83D0099A1AE /* Project object */;
}
